
Microsoft Visual Studio Solution File, Format Version 12.00
# Visual Studio Version 16
VisualStudioVersion = 16.0.31112.23
MinimumVisualStudioVersion = 10.0.40219.1
Project("{FAE04EC0-301F-11D3-BF4B-00C04F79EFBC}") = "WebApplication1", "WebApplication1\WebApplication1.csproj", "{D69DFE34-924D-488B-9F59-E0FAAC1E08AF}"
EndProject
Project("{FAE04EC0-301F-11D3-BF4B-00C04F79EFBC}") = "DISample.Service", "DISample.Service\DISample.Service.csproj", "{D4814896-920F-4F1D-89B7-020AD4ACB07D}"
EndProject
Global
	GlobalSection(SolutionConfigurationPlatforms) = preSolution
		Debug|Any CPU = Debug|Any CPU
		Release|Any CPU = Release|Any CPU
	EndGlobalSection
	GlobalSection(ProjectConfigurationPlatforms) = postSolution
		{D69DFE34-924D-488B-9F59-E0FAAC1E08AF}.Debug|Any CPU.ActiveCfg = Debug|Any CPU
		{D69DFE34-924D-488B-9F59-E0FAAC1E08AF}.Debug|Any CPU.Build.0 = Debug|Any CPU
		{D69DFE34-924D-488B-9F59-E0FAAC1E08AF}.Release|Any CPU.ActiveCfg = Release|Any CPU
		{D69DFE34-924D-488B-9F59-E0FAAC1E08AF}.Release|Any CPU.Build.0 = Release|Any CPU
		{D4814896-920F-4F1D-89B7-020AD4ACB07D}.Debug|Any CPU.ActiveCfg = Debug|Any CPU
		{D4814896-920F-4F1D-89B7-020AD4ACB07D}.Debug|Any CPU.Build.0 = Debug|Any CPU
		{D4814896-920F-4F1D-89B7-020AD4ACB07D}.Release|Any CPU.ActiveCfg = Release|Any CPU
		{D4814896-920F-4F1D-89B7-020AD4ACB07D}.Release|Any CPU.Build.0 = Release|Any CPU
	EndGlobalSection
	GlobalSection(SolutionProperties) = preSolution
		HideSolutionNode = FALSE
	EndGlobalSection
	GlobalSection(ExtensibilityGlobals) = postSolution
		SolutionGuid = {82A3658B-CFA6-49E4-B765-A6986E820D4C}
	EndGlobalSection
EndGlobal
